hash: a50343a4e12bb620f0384519949a3075e64245585b140cfa9fd338811000d30a
updated: 2016-10-25T22:10:26.34694897-02:00
imports:
- name: github.com/inconshreveable/mousetrap
  version: 76626ae9c91c4f2a10f34cad8ce83ea42c93bb75
- name: github.com/spf13/cobra
  version: 37c3f8060359192150945916cbc2d72bce804b4d
- name: github.com/spf13/pflag
  version: 103ce5cd2042f2fe629c1957abb64ab3e7f50235
- name: github.com/uber-go/atomic
  version: 0c9e689d64f004564b79d9a663634756df322902
- name: github.com/uber-go/zap
  version: d11d2851fcabcf03421c4dbdbc3146fc74eb1035
testImports: []
